
Microsoft Visual Studio Solution File, Format Version 12.00
# Visual Studio 15
VisualStudioVersion = 15.0.26124.0
MinimumVisualStudioVersion = 15.0.26124.0
Project("{2150E333-8FDC-42A3-9474-1A3956D46DE8}") = "Solution Items", "Solution Items", "{08CCFCF6-2248-43ED-A6EF-E972A2DA0E6A}"
	ProjectSection(SolutionItems) = preProject
		build.fsx = build.fsx
		paket.dependencies = paket.dependencies
		paket.lock = paket.lock
		package-lock.json = package-lock.json
		package.json = package.json
		README.md = README.md
	EndProjectSection
EndProject
Project("{2150E333-8FDC-42A3-9474-1A3956D46DE8}") = "src", "src", "{F84DCF8A-FC1A-4677-AF4D-616AD7DB3470}"
	ProjectSection(SolutionItems) = preProject
		src\Corpora\corpora\nowac_1_1\Server\ZCore.fs = src\Corpora\corpora\nowac_1_1\Server\ZCore.fs
		src\Corpora\corpora\nowac_1_1\Shared\MetadataCategories.fs = src\Corpora\corpora\nowac_1_1\Shared\MetadataCategories.fs
		src\Corpora\corpora\nowac_1_1\Client\ZCore.fs = src\Corpora\corpora\nowac_1_1\Client\ZCore.fs
		src\Corpora\corpora\norint_tekst\Server\ZCore.fs = src\Corpora\corpora\norint_tekst\Server\ZCore.fs
		src\Corpora\corpora\norint_tekst\Shared\MetadataCategories.fs = src\Corpora\corpora\norint_tekst\Shared\MetadataCategories.fs
		src\Corpora\corpora\norint_tekst\Client\ZCore.fs = src\Corpora\corpora\norint_tekst\Client\ZCore.fs
		src\Corpora\corpora\ndc2\video\aal_01um-02uk.mp4 = src\Corpora\corpora\ndc2\video\aal_01um-02uk.mp4
		src\Corpora\corpora\ndc2\video\aal_01um-02uk_800.mp4 = src\Corpora\corpora\ndc2\video\aal_01um-02uk_800.mp4
		src\Corpora\corpora\ndc2\ndc2_coords.txt = src\Corpora\corpora\ndc2\ndc2_coords.txt
		src\Corpora\corpora\ndc2\Server\ZCore.fs = src\Corpora\corpora\ndc2\Server\ZCore.fs
		src\Corpora\corpora\ndc2\Shared\MetadataCategories.fs = src\Corpora\corpora\ndc2\Shared\MetadataCategories.fs
		src\Corpora\corpora\ndc2\Shared\Cwb.fs = src\Corpora\corpora\ndc2\Shared\Cwb.fs
		src\Corpora\corpora\ndc2\ndc2_texts.tsv = src\Corpora\corpora\ndc2\ndc2_texts.tsv
		src\Corpora\corpora\ndc2\audio\aal_01um-02uk.mp3 = src\Corpora\corpora\ndc2\audio\aal_01um-02uk.mp3
		src\Corpora\corpora\ndc2\ndc.png = src\Corpora\corpora\ndc2\ndc.png
		src\Corpora\corpora\ndc2\create_db.sql = src\Corpora\corpora\ndc2\create_db.sql
		src\Corpora\corpora\ndc2\ndc2.sqlite = src\Corpora\corpora\ndc2\ndc2.sqlite
		src\Corpora\corpora\ndc2\Client\ZCore.fs = src\Corpora\corpora\ndc2\Client\ZCore.fs
		src\Corpora\corpora\ndc2\Client\Metadata.fs = src\Corpora\corpora\ndc2\Client\Metadata.fs
		src\Corpora\corpora\bokmal\uio-app-uio-sickle-medium.png = src\Corpora\corpora\bokmal\uio-app-uio-sickle-medium.png
		src\Corpora\corpora\bokmal\bokmal.sqlite = src\Corpora\corpora\bokmal\bokmal.sqlite
		src\Corpora\corpora\bokmal\bokmal_translators.tsv = src\Corpora\corpora\bokmal\bokmal_translators.tsv
		src\Corpora\corpora\bokmal\bokmal_translators_texts.tsv = src\Corpora\corpora\bokmal\bokmal_translators_texts.tsv
		src\Corpora\corpora\bokmal\bokmal_authors_texts.tsv = src\Corpora\corpora\bokmal\bokmal_authors_texts.tsv
		src\Corpora\corpora\bokmal\Server\ZCore.fs = src\Corpora\corpora\bokmal\Server\ZCore.fs
		src\Corpora\corpora\bokmal\bokmal_authors.tsv = src\Corpora\corpora\bokmal\bokmal_authors.tsv
		src\Corpora\corpora\bokmal\Shared\MetadataCategories.fs = src\Corpora\corpora\bokmal\Shared\MetadataCategories.fs
		src\Corpora\corpora\bokmal\Shared\Cwb.fs = src\Corpora\corpora\bokmal\Shared\Cwb.fs
		src\Corpora\corpora\bokmal\bokmal.html = src\Corpora\corpora\bokmal\bokmal.html
		src\Corpora\corpora\bokmal\bokmal_texts.tsv = src\Corpora\corpora\bokmal\bokmal_texts.tsv
		src\Corpora\corpora\bokmal\bokmal_translator_orig.tsv = src\Corpora\corpora\bokmal\bokmal_translator_orig.tsv
		src\Corpora\corpora\bokmal\mycorpus.sqlite = src\Corpora\corpora\bokmal\mycorpus.sqlite
		src\Corpora\corpora\bokmal\create_db.sql = src\Corpora\corpora\bokmal\create_db.sql
		src\Corpora\corpora\bokmal\README.TXT = src\Corpora\corpora\bokmal\README.TXT
		src\Corpora\corpora\bokmal\bokmal_author_orig.tsv = src\Corpora\corpora\bokmal\bokmal_author_orig.tsv
		src\Corpora\corpora\bokmal\Client\ZCore.fs = src\Corpora\corpora\bokmal\Client\ZCore.fs
		src\Corpora\corpora\bokmal\Client\Cwb.fs = src\Corpora\corpora\bokmal\Client\Cwb.fs
		src\Corpora\corpora\bokmal\Client\Metadata.fs = src\Corpora\corpora\bokmal\Client\Metadata.fs
		src\Corpora\corpora\fglossa.sqlite = src\Corpora\corpora\fglossa.sqlite
		src\Corpora\corpora\run\Server\ZCore.fs = src\Corpora\corpora\run\Server\ZCore.fs
		src\Corpora\corpora\run\Shared\MetadataCategories.fs = src\Corpora\corpora\run\Shared\MetadataCategories.fs
		src\Corpora\corpora\run\Client\ZCore.fs = src\Corpora\corpora\run\Client\ZCore.fs
	EndProjectSection
EndProject
Project("{F2A71F9B-5D33-465A-A702-920D77279786}") = "Shared", "src\Shared\Shared.fsproj", "{B743B9A7-78C6-4FEB-ADDD-19B27F542340}"
EndProject
Project("{F2A71F9B-5D33-465A-A702-920D77279786}") = "Server", "src\Server\Server.fsproj", "{B56110F0-2D27-4718-8C80-E7FDE3439A63}"
EndProject
Project("{F2A71F9B-5D33-465A-A702-920D77279786}") = "Client", "src\Client\Client.fsproj", "{8F1A0074-C392-4975-8020-55176D9CB0B5}"
EndProject
Project("{F2A71F9B-5D33-465A-A702-920D77279786}") = "Build", "Build.fsproj", "{C0244434-EC34-4D74-93A9-0E00DEC0C4D1}"
EndProject
Global
	GlobalSection(SolutionConfigurationPlatforms) = preSolution
		Debug|Any CPU = Debug|Any CPU
		Debug|x64 = Debug|x64
		Debug|x86 = Debug|x86
		Release|Any CPU = Release|Any CPU
		Release|x64 = Release|x64
		Release|x86 = Release|x86
	EndGlobalSection
	GlobalSection(SolutionProperties) = preSolution
		HideSolutionNode = FALSE
	EndGlobalSection
	GlobalSection(ProjectConfigurationPlatforms) = postSolution
		{B743B9A7-78C6-4FEB-ADDD-19B27F542340}.Debug|Any CPU.ActiveCfg = Debug|Any CPU
		{B743B9A7-78C6-4FEB-ADDD-19B27F542340}.Debug|Any CPU.Build.0 = Debug|Any CPU
		{B743B9A7-78C6-4FEB-ADDD-19B27F542340}.Debug|x64.ActiveCfg = Debug|Any CPU
		{B743B9A7-78C6-4FEB-ADDD-19B27F542340}.Debug|x64.Build.0 = Debug|Any CPU
		{B743B9A7-78C6-4FEB-ADDD-19B27F542340}.Debug|x86.ActiveCfg = Debug|Any CPU
		{B743B9A7-78C6-4FEB-ADDD-19B27F542340}.Debug|x86.Build.0 = Debug|Any CPU
		{B743B9A7-78C6-4FEB-ADDD-19B27F542340}.Release|Any CPU.ActiveCfg = Release|Any CPU
		{B743B9A7-78C6-4FEB-ADDD-19B27F542340}.Release|Any CPU.Build.0 = Release|Any CPU
		{B743B9A7-78C6-4FEB-ADDD-19B27F542340}.Release|x64.ActiveCfg = Release|Any CPU
		{B743B9A7-78C6-4FEB-ADDD-19B27F542340}.Release|x64.Build.0 = Release|Any CPU
		{B743B9A7-78C6-4FEB-ADDD-19B27F542340}.Release|x86.ActiveCfg = Release|Any CPU
		{B743B9A7-78C6-4FEB-ADDD-19B27F542340}.Release|x86.Build.0 = Release|Any CPU
		{B56110F0-2D27-4718-8C80-E7FDE3439A63}.Debug|Any CPU.ActiveCfg = Debug|Any CPU
		{B56110F0-2D27-4718-8C80-E7FDE3439A63}.Debug|Any CPU.Build.0 = Debug|Any CPU
		{B56110F0-2D27-4718-8C80-E7FDE3439A63}.Debug|x64.ActiveCfg = Debug|Any CPU
		{B56110F0-2D27-4718-8C80-E7FDE3439A63}.Debug|x64.Build.0 = Debug|Any CPU
		{B56110F0-2D27-4718-8C80-E7FDE3439A63}.Debug|x86.ActiveCfg = Debug|Any CPU
		{B56110F0-2D27-4718-8C80-E7FDE3439A63}.Debug|x86.Build.0 = Debug|Any CPU
		{B56110F0-2D27-4718-8C80-E7FDE3439A63}.Release|Any CPU.ActiveCfg = Release|Any CPU
		{B56110F0-2D27-4718-8C80-E7FDE3439A63}.Release|Any CPU.Build.0 = Release|Any CPU
		{B56110F0-2D27-4718-8C80-E7FDE3439A63}.Release|x64.ActiveCfg = Release|Any CPU
		{B56110F0-2D27-4718-8C80-E7FDE3439A63}.Release|x64.Build.0 = Release|Any CPU
		{B56110F0-2D27-4718-8C80-E7FDE3439A63}.Release|x86.ActiveCfg = Release|Any CPU
		{B56110F0-2D27-4718-8C80-E7FDE3439A63}.Release|x86.Build.0 = Release|Any CPU
		{8F1A0074-C392-4975-8020-55176D9CB0B5}.Debug|Any CPU.ActiveCfg = Debug|Any CPU
		{8F1A0074-C392-4975-8020-55176D9CB0B5}.Debug|Any CPU.Build.0 = Debug|Any CPU
		{8F1A0074-C392-4975-8020-55176D9CB0B5}.Debug|x64.ActiveCfg = Debug|Any CPU
		{8F1A0074-C392-4975-8020-55176D9CB0B5}.Debug|x64.Build.0 = Debug|Any CPU
		{8F1A0074-C392-4975-8020-55176D9CB0B5}.Debug|x86.ActiveCfg = Debug|Any CPU
		{8F1A0074-C392-4975-8020-55176D9CB0B5}.Debug|x86.Build.0 = Debug|Any CPU
		{8F1A0074-C392-4975-8020-55176D9CB0B5}.Release|Any CPU.ActiveCfg = Release|Any CPU
		{8F1A0074-C392-4975-8020-55176D9CB0B5}.Release|Any CPU.Build.0 = Release|Any CPU
		{8F1A0074-C392-4975-8020-55176D9CB0B5}.Release|x64.ActiveCfg = Release|Any CPU
		{8F1A0074-C392-4975-8020-55176D9CB0B5}.Release|x64.Build.0 = Release|Any CPU
		{8F1A0074-C392-4975-8020-55176D9CB0B5}.Release|x86.ActiveCfg = Release|Any CPU
		{8F1A0074-C392-4975-8020-55176D9CB0B5}.Release|x86.Build.0 = Release|Any CPU
		{C0244434-EC34-4D74-93A9-0E00DEC0C4D1}.Debug|Any CPU.ActiveCfg = Debug|Any CPU
		{C0244434-EC34-4D74-93A9-0E00DEC0C4D1}.Debug|Any CPU.Build.0 = Debug|Any CPU
		{C0244434-EC34-4D74-93A9-0E00DEC0C4D1}.Debug|x64.ActiveCfg = Debug|Any CPU
		{C0244434-EC34-4D74-93A9-0E00DEC0C4D1}.Debug|x64.Build.0 = Debug|Any CPU
		{C0244434-EC34-4D74-93A9-0E00DEC0C4D1}.Debug|x86.ActiveCfg = Debug|Any CPU
		{C0244434-EC34-4D74-93A9-0E00DEC0C4D1}.Debug|x86.Build.0 = Debug|Any CPU
		{C0244434-EC34-4D74-93A9-0E00DEC0C4D1}.Release|Any CPU.ActiveCfg = Release|Any CPU
		{C0244434-EC34-4D74-93A9-0E00DEC0C4D1}.Release|Any CPU.Build.0 = Release|Any CPU
		{C0244434-EC34-4D74-93A9-0E00DEC0C4D1}.Release|x64.ActiveCfg = Release|Any CPU
		{C0244434-EC34-4D74-93A9-0E00DEC0C4D1}.Release|x64.Build.0 = Release|Any CPU
		{C0244434-EC34-4D74-93A9-0E00DEC0C4D1}.Release|x86.ActiveCfg = Release|Any CPU
		{C0244434-EC34-4D74-93A9-0E00DEC0C4D1}.Release|x86.Build.0 = Release|Any CPU
	EndGlobalSection
	GlobalSection(NestedProjects) = preSolution
		{B743B9A7-78C6-4FEB-ADDD-19B27F542340} = {F84DCF8A-FC1A-4677-AF4D-616AD7DB3470}
		{B56110F0-2D27-4718-8C80-E7FDE3439A63} = {F84DCF8A-FC1A-4677-AF4D-616AD7DB3470}
		{8F1A0074-C392-4975-8020-55176D9CB0B5} = {F84DCF8A-FC1A-4677-AF4D-616AD7DB3470}
	EndGlobalSection
EndGlobal
